<?xml version="1.0" encoding="utf-8"?>
<Project ToolsVersion="4.0" xmlns="http://schemas.microsoft.com/developer/msbuild/2003">
  <ItemGroup>
    <Filter Include="Source Files">
      <UniqueIdentifier>{4FC737F1-C7A5-4376-A066-2A32D752A2FF}</UniqueIdentifier>
      <Extensions>cpp;c;cc;cxx;c++;cppm;ixx;def;odl;idl;hpj;bat;asm;asmx</Extensions>
    </Filter>
    <Filter Include="Header Files">
      <UniqueIdentifier>{93995380-89BD-4b04-88EB-625FBE52EBFB}</UniqueIdentifier>
      <Extensions>h;hh;hpp;hxx;h++;hm;inl;inc;ipp;xsd</Extensions>
    </Filter>
    <Filter Include="Resource Files">
      <UniqueIdentifier>{67DA6AB6-F800-4c08-8B7A-83BB121AAD01}</UniqueIdentifier>
      <Extensions>rc;ico;cur;bmp;dlg;rc2;rct;bin;rgs;gif;jpg;jpeg;jpe;resx;tiff;tif;png;wav;mfcribbon-ms</Extensions>
    </Filter>
    <Filter Include="Header Files\Scene">
      <UniqueIdentifier>{7a1ea5fe-3965-4331-a46f-1e31e82c7322}</UniqueIdentifier>
    </Filter>
    <Filter Include="Header Files\utility">
      <UniqueIdentifier>{3179fdfb-3d06-4c13-90e7-c1f929213667}</UniqueIdentifier>
    </Filter>
    <Filter Include="Header Files\advancedFeatures">
      <UniqueIdentifier>{e48edb2c-bd8c-4632-8d02-ce8979f70b41}</UniqueIdentifier>
    </Filter>
  </ItemGroup>
  <ItemGroup>
    <ClInclude Include="camera.h">
      <Filter>Header Files</Filter>
    </ClInclude>
    <ClInclude Include="shapes.h">
      <Filter>Header Files\Scene</Filter>
    </ClInclude>
    <ClInclude Include="lights.h">
      <Filter>Header Files\Scene</Filter>
    </ClInclude>
    <ClInclude Include="bump.h">
      <Filter>Header Files\Scene</Filter>
    </ClInclude>
    <ClInclude Include="texture.h">
      <Filter>Header Files\Scene</Filter>
    </ClInclude>
    <ClInclude Include="material.h">
      <Filter>Header Files\Scene</Filter>
    </ClInclude>
    <ClInclude Include="color.h">
      <Filter>Header Files\utility</Filter>
    </ClInclude>
    <ClInclude Include="ray.h">
      <Filter>Header Files\utility</Filter>
    </ClInclude>
    <ClInclude Include="vec.h">
      <Filter>Header Files\utility</Filter>
    </ClInclude>
    <ClInclude Include="scene.h">
      <Filter>Header Files\Scene</Filter>
    </ClInclude>
    <ClInclude Include="depthcue.h">
      <Filter>Header Files\advancedFeatures</Filter>
    </ClInclude>
    <ClInclude Include="fileManager.h">
      <Filter>Header Files\utility</Filter>
    </ClInclude>
    <ClInclude Include="viewFrustrum.h">
      <Filter>Header Files\utility</Filter>
    </ClInclude>
    <ClInclude Include="kdtree.h">
      <Filter>Header Files\advancedFeatures</Filter>
    </ClInclude>
  </ItemGroup>
  <ItemGroup>
    <ClCompile Include="main.cpp">
      <Filter>Source Files</Filter>
    </ClCompile>
    <ClCompile Include="fileManager.cpp">
      <Filter>Source Files</Filter>
    </ClCompile>
    <ClCompile Include="imageSize.h">
      <Filter>Header Files\utility</Filter>
    </ClCompile>
    <ClCompile Include="viewFrustrum.cpp">
      <Filter>Source Files</Filter>
    </ClCompile>
    <ClCompile Include="kdtree.cpp">
      <Filter>Source Files</Filter>
    </ClCompile>
    <ClCompile Include="intersections.cpp">
      <Filter>Source Files</Filter>
    </ClCompile>
    <ClCompile Include="ray.cpp">
      <Filter>Source Files</Filter>
    </ClCompile>
  </ItemGroup>
  <ItemGroup>
    <Text Include="test.txt" />
  </ItemGroup>
  <ItemGroup>
    <None Include="earthtexture.ppm" />
  </ItemGroup>
</Project>